# This file is automatically @generated by Poetry 1.5.1 and should not be changed by hand.

[[package]]
name = "peewee"
version = "3.16.3"
description = "a little orm"
optional = false
python-versions = "*"
files = [
    {file = "peewee-3.16.3.tar.gz", hash = "sha256:12b30e931193bc37b11f7c2ac646e3f67125a8b1a543ad6ab37ad124c8df7d16"},
]

[metadata]
lock-version = "2.0"
python-versions = "^3.11"
content-hash = "c1745d7c2fbb8f526195ec465282e5444ca218fcf9f9ebf8bee367772a44e60e"
